PODS:
  - FileBrowser (1.0.0)
  - GoogleToolboxForMac/Defines (2.2.0)
  - GoogleToolboxForMac/Logger (2.2.0):
    - GoogleToolboxForMac/Defines (= 2.2.0)
  - GTMSessionFetcher/Core (1.2.1)
  - GVRAudioSDK (1.140.0)
  - GVRSDK (1.170.0):
    - GoogleToolboxForMac/Logger (~> 2.1)
    - GTMSessionFetcher/Core (~> 1.1)

DEPENDENCIES:
  - FileBrowser (~> 1.0)
  - GVRAudioSDK
  - GVRSDK

SPEC REPOS:
  https://github.com/cocoapods/specs.git:
    - FileBrowser
    - GoogleToolboxForMac
    - GTMSessionFetcher
    - GVRAudioSDK
    - GVRSDK

SPEC CHECKSUMS:
  FileBrowser: 2ca91ff61c9ea09665eb3b8f9e64a7a77e66a0bf
  GoogleToolboxForMac: ff31605b7d66400dcec09bed5861689aebadda4d
  GTMSessionFetcher: 32aeca0aa144acea523e1c8e053089dec2cb98ca
  GVRAudioSDK: bd444fd786ff3191cb1a33774253908b57e5710d
  GVRSDK: 690e9ca3e4d6161b84ff25519447ed2f53e0eb0b

PODFILE CHECKSUM: 62352214652da44eec61b424bbb593e36c2e4198

COCOAPODS: 1.6.0
